[[package]]
name = "arrayvec"
version = "0.4.7"
source = "registry+https://github.com/rust-lang/crates.io-index"
dependencies = [
 "nodrop 0.1.12 (registry+https://github.com/rust-lang/crates.io-index)",
]

[[package]]
name = "byteorder"
version = "1.2.6"
source = "registry+https://github.com/rust-lang/crates.io-index"

[[package]]
name = "crunchy"
version = "0.1.6"
source = "registry+https://github.com/rust-lang/crates.io-index"

[[package]]
name = "fixed-hash"
version = "0.2.2"
source = "registry+https://github.com/rust-lang/crates.io-index"

[[package]]
name = "hashdb"
version = "0.2.1"
source = "registry+https://github.com/rust-lang/crates.io-index"

[[package]]
name = "hex-literal"
version = "0.1.1"
source = "registry+https://github.com/rust-lang/crates.io-index"
dependencies = [
 "hex-literal-impl 0.1.1 (registry+https://github.com/rust-lang/crates.io-index)",
 "proc-macro-hack 0.4.0 (registry+https://github.com/rust-lang/crates.io-index)",
]

[[package]]
name = "hex-literal-impl"
version = "0.1.1"
source = "registry+https://github.com/rust-lang/crates.io-index"
dependencies = [
 "proc-macro-hack 0.4.0 (registry+https://github.com/rust-lang/crates.io-index)",
]

[[package]]
name = "integer-sqrt"
version = "0.1.0"
source = "git+https://github.com/paritytech/integer-sqrt-rs.git#886e9cb983c46498003878afe965d55caa762025"

[[package]]
name = "nodrop"
version = "0.1.12"
source = "registry+https://github.com/rust-lang/crates.io-index"

[[package]]
name = "num-traits"
version = "0.2.5"
source = "registry+https://github.com/rust-lang/crates.io-index"

[[package]]
name = "parity-codec"
version = "0.1.0"
source = "git+https://github.com/paritytech/substrate#b9849fe33203fd34105452ca8e8e638f3918d357"
dependencies = [
 "arrayvec 0.4.7 (registry+https://github.com/rust-lang/crates.io-index)",
]

[[package]]
name = "parity-codec-derive"
version = "0.1.0"
source = "git+https://github.com/paritytech/substrate#b9849fe33203fd34105452ca8e8e638f3918d357"
dependencies = [
 "proc-macro2 0.4.15 (registry+https://github.com/rust-lang/crates.io-index)",
 "quote 0.6.8 (registry+https://github.com/rust-lang/crates.io-index)",
 "syn 0.14.9 (registry+https://github.com/rust-lang/crates.io-index)",
]

[[package]]
name = "hash256-std-hasher"
version = "0.2.0"
source = "registry+https://github.com/rust-lang/crates.io-index"
dependencies = [
 "crunchy 0.1.6 (registry+https://github.com/rust-lang/crates.io-index)",
]

[[package]]
name = "polkadot-primitives"
version = "0.1.0"
dependencies = [
 "parity-codec 0.1.0 (git+https://github.com/paritytech/substrate)",
 "parity-codec-derive 0.1.0 (git+https://github.com/paritytech/substrate)",
 "serde 1.0.75 (registry+https://github.com/rust-lang/crates.io-index)",
 "sr-primitives 0.1.0 (git+https://github.com/paritytech/substrate)",
 "sr-std 0.1.0 (git+https://github.com/paritytech/substrate)",
 "substrate-primitives 0.1.0 (git+https://github.com/paritytech/substrate)",
]

[[package]]
name = "polkadot-runtime"
version = "0.1.0"
dependencies = [
 "integer-sqrt 0.1.0 (git+https://github.com/paritytech/integer-sqrt-rs.git)",
 "parity-codec 0.1.0 (git+https://github.com/paritytech/substrate)",
 "parity-codec-derive 0.1.0 (git+https://github.com/paritytech/substrate)",
 "polkadot-primitives 0.1.0",
 "safe-mix 1.0.0 (registry+https://github.com/rust-lang/crates.io-index)",
 "sr-io 0.1.0 (git+https://github.com/paritytech/substrate)",
 "sr-primitives 0.1.0 (git+https://github.com/paritytech/substrate)",
 "sr-std 0.1.0 (git+https://github.com/paritytech/substrate)",
 "sr-version 0.1.0 (git+https://github.com/paritytech/substrate)",
 "srml-balances 0.1.0 (git+https://github.com/paritytech/substrate)",
 "srml-consensus 0.1.0 (git+https://github.com/paritytech/substrate)",
 "srml-council 0.1.0 (git+https://github.com/paritytech/substrate)",
 "srml-democracy 0.1.0 (git+https://github.com/paritytech/substrate)",
 "srml-executive 0.1.0 (git+https://github.com/paritytech/substrate)",
 "srml-session 0.1.0 (git+https://github.com/paritytech/substrate)",
 "srml-staking 0.1.0 (git+https://github.com/paritytech/substrate)",
 "srml-support 0.1.0 (git+https://github.com/paritytech/substrate)",
 "srml-system 0.1.0 (git+https://github.com/paritytech/substrate)",
 "srml-timestamp 0.1.0 (git+https://github.com/paritytech/substrate)",
 "srml-treasury 0.1.0 (git+https://github.com/paritytech/substrate)",
 "substrate-primitives 0.1.0 (git+https://github.com/paritytech/substrate)",
]

[[package]]
name = "proc-macro-hack"
version = "0.4.0"
source = "registry+https://github.com/rust-lang/crates.io-index"
dependencies = [
 "proc-macro-hack-impl 0.4.0 (registry+https://github.com/rust-lang/crates.io-index)",
]

[[package]]
name = "proc-macro-hack-impl"
version = "0.4.0"
source = "registry+https://github.com/rust-lang/crates.io-index"

[[package]]
name = "proc-macro2"
version = "0.4.15"
source = "registry+https://github.com/rust-lang/crates.io-index"
dependencies = [
 "unicode-xid 0.1.0 (registry+https://github.com/rust-lang/crates.io-index)",
]

[[package]]
name = "pwasm-alloc"
version = "0.1.0"
source = "git+https://github.com/paritytech/substrate#b9849fe33203fd34105452ca8e8e638f3918d357"
dependencies = [
 "pwasm-libc 0.1.0 (git+https://github.com/paritytech/substrate)",
 "rustc_version 0.2.3 (registry+https://github.com/rust-lang/crates.io-index)",
]

[[package]]
name = "pwasm-libc"
version = "0.1.0"
source = "git+https://github.com/paritytech/substrate#b9849fe33203fd34105452ca8e8e638f3918d357"

[[package]]
name = "quote"
version = "0.6.8"
source = "registry+https://github.com/rust-lang/crates.io-index"
dependencies = [
 "proc-macro2 0.4.15 (registry+https://github.com/rust-lang/crates.io-index)",
]

[[package]]
name = "rustc-hex"
version = "2.0.1"
source = "registry+https://github.com/rust-lang/crates.io-index"

[[package]]
name = "rustc_version"
version = "0.2.3"
source = "registry+https://github.com/rust-lang/crates.io-index"
dependencies = [
 "semver 0.9.0 (registry+https://github.com/rust-lang/crates.io-index)",
]

[[package]]
name = "safe-mix"
version = "1.0.0"
source = "registry+https://github.com/rust-lang/crates.io-index"
dependencies = [
 "rustc_version 0.2.3 (registry+https://github.com/rust-lang/crates.io-index)",
]

[[package]]
name = "semver"
version = "0.9.0"
source = "registry+https://github.com/rust-lang/crates.io-index"
dependencies = [
 "semver-parser 0.7.0 (registry+https://github.com/rust-lang/crates.io-index)",
]

[[package]]
name = "semver-parser"
version = "0.7.0"
source = "registry+https://github.com/rust-lang/crates.io-index"

[[package]]
name = "serde"
version = "1.0.75"
source = "registry+https://github.com/rust-lang/crates.io-index"

[[package]]
name = "sr-io"
version = "0.1.0"
source = "git+https://github.com/paritytech/substrate#b9849fe33203fd34105452ca8e8e638f3918d357"
dependencies = [
 "hashdb 0.2.1 (registry+https://github.com/rust-lang/crates.io-index)",
 "parity-codec 0.1.0 (git+https://github.com/paritytech/substrate)",
 "rustc_version 0.2.3 (registry+https://github.com/rust-lang/crates.io-index)",
 "sr-std 0.1.0 (git+https://github.com/paritytech/substrate)",
 "substrate-primitives 0.1.0 (git+https://github.com/paritytech/substrate)",
]

[[package]]
name = "sr-primitives"
version = "0.1.0"
source = "git+https://github.com/paritytech/substrate#b9849fe33203fd34105452ca8e8e638f3918d357"
dependencies = [
 "integer-sqrt 0.1.0 (git+https://github.com/paritytech/integer-sqrt-rs.git)",
 "num-traits 0.2.5 (registry+https://github.com/rust-lang/crates.io-index)",
 "parity-codec 0.1.0 (git+https://github.com/paritytech/substrate)",
 "parity-codec-derive 0.1.0 (git+https://github.com/paritytech/substrate)",
 "sr-io 0.1.0 (git+https://github.com/paritytech/substrate)",
 "sr-std 0.1.0 (git+https://github.com/paritytech/substrate)",
 "substrate-primitives 0.1.0 (git+https://github.com/paritytech/substrate)",
]

[[package]]
name = "sr-sandbox"
version = "0.1.0"
source = "git+https://github.com/paritytech/substrate#b9849fe33203fd34105452ca8e8e638f3918d357"
dependencies = [
 "parity-codec 0.1.0 (git+https://github.com/paritytech/substrate)",
 "rustc_version 0.2.3 (registry+https://github.com/rust-lang/crates.io-index)",
 "sr-io 0.1.0 (git+https://github.com/paritytech/substrate)",
 "sr-std 0.1.0 (git+https://github.com/paritytech/substrate)",
 "substrate-primitives 0.1.0 (git+https://github.com/paritytech/substrate)",
]

[[package]]
name = "sr-std"
version = "0.1.0"
source = "git+https://github.com/paritytech/substrate#b9849fe33203fd34105452ca8e8e638f3918d357"
dependencies = [
 "pwasm-alloc 0.1.0 (git+https://github.com/paritytech/substrate)",
 "pwasm-libc 0.1.0 (git+https://github.com/paritytech/substrate)",
 "rustc_version 0.2.3 (registry+https://github.com/rust-lang/crates.io-index)",
]

[[package]]
name = "sr-version"
version = "0.1.0"
source = "git+https://github.com/paritytech/substrate#b9849fe33203fd34105452ca8e8e638f3918d357"
dependencies = [
 "parity-codec 0.1.0 (git+https://github.com/paritytech/substrate)",
 "parity-codec-derive 0.1.0 (git+https://github.com/paritytech/substrate)",
 "serde 1.0.75 (registry+https://github.com/rust-lang/crates.io-index)",
 "sr-std 0.1.0 (git+https://github.com/paritytech/substrate)",
]

[[package]]
name = "srml-balances"
version = "0.1.0"
source = "git+https://github.com/paritytech/substrate#b9849fe33203fd34105452ca8e8e638f3918d357"
dependencies = [
 "hex-literal 0.1.1 (registry+https://github.com/rust-lang/crates.io-index)",
 "parity-codec 0.1.0 (git+https://github.com/paritytech/substrate)",
 "parity-codec-derive 0.1.0 (git+https://github.com/paritytech/substrate)",
 "safe-mix 1.0.0 (registry+https://github.com/rust-lang/crates.io-index)",
 "serde 1.0.75 (registry+https://github.com/rust-lang/crates.io-index)",
 "sr-io 0.1.0 (git+https://github.com/paritytech/substrate)",
 "sr-primitives 0.1.0 (git+https://github.com/paritytech/substrate)",
 "sr-std 0.1.0 (git+https://github.com/paritytech/substrate)",
 "srml-support 0.1.0 (git+https://github.com/paritytech/substrate)",
 "srml-system 0.1.0 (git+https://github.com/paritytech/substrate)",
 "substrate-primitives 0.1.0 (git+https://github.com/paritytech/substrate)",
]

[[package]]
name = "srml-consensus"
version = "0.1.0"
source = "git+https://github.com/paritytech/substrate#b9849fe33203fd34105452ca8e8e638f3918d357"
dependencies = [
 "hex-literal 0.1.1 (registry+https://github.com/rust-lang/crates.io-index)",
 "parity-codec 0.1.0 (git+https://github.com/paritytech/substrate)",
 "parity-codec-derive 0.1.0 (git+https://github.com/paritytech/substrate)",
 "serde 1.0.75 (registry+https://github.com/rust-lang/crates.io-index)",
 "sr-io 0.1.0 (git+https://github.com/paritytech/substrate)",
 "sr-primitives 0.1.0 (git+https://github.com/paritytech/substrate)",
 "sr-std 0.1.0 (git+https://github.com/paritytech/substrate)",
 "srml-support 0.1.0 (git+https://github.com/paritytech/substrate)",
 "srml-system 0.1.0 (git+https://github.com/paritytech/substrate)",
 "substrate-primitives 0.1.0 (git+https://github.com/paritytech/substrate)",
]

[[package]]
name = "srml-council"
version = "0.1.0"
source = "git+https://github.com/paritytech/substrate#b9849fe33203fd34105452ca8e8e638f3918d357"
dependencies = [
 "hex-literal 0.1.1 (registry+https://github.com/rust-lang/crates.io-index)",
 "integer-sqrt 0.1.0 (git+https://github.com/paritytech/integer-sqrt-rs.git)",
 "parity-codec 0.1.0 (git+https://github.com/paritytech/substrate)",
 "parity-codec-derive 0.1.0 (git+https://github.com/paritytech/substrate)",
 "safe-mix 1.0.0 (registry+https://github.com/rust-lang/crates.io-index)",
 "serde 1.0.75 (registry+https://github.com/rust-lang/crates.io-index)",
 "sr-io 0.1.0 (git+https://github.com/paritytech/substrate)",
 "sr-primitives 0.1.0 (git+https://github.com/paritytech/substrate)",
 "sr-std 0.1.0 (git+https://github.com/paritytech/substrate)",
 "srml-balances 0.1.0 (git+https://github.com/paritytech/substrate)",
 "srml-consensus 0.1.0 (git+https://github.com/paritytech/substrate)",
 "srml-democracy 0.1.0 (git+https://github.com/paritytech/substrate)",
 "srml-support 0.1.0 (git+https://github.com/paritytech/substrate)",
 "srml-system 0.1.0 (git+https://github.com/paritytech/substrate)",
 "substrate-primitives 0.1.0 (git+https://github.com/paritytech/substrate)",
]

[[package]]
name = "srml-democracy"
version = "0.1.0"
source = "git+https://github.com/paritytech/substrate#b9849fe33203fd34105452ca8e8e638f3918d357"
dependencies = [
 "hex-literal 0.1.1 (registry+https://github.com/rust-lang/crates.io-index)",
 "parity-codec 0.1.0 (git+https://github.com/paritytech/substrate)",
 "parity-codec-derive 0.1.0 (git+https://github.com/paritytech/substrate)",
 "safe-mix 1.0.0 (registry+https://github.com/rust-lang/crates.io-index)",
 "serde 1.0.75 (registry+https://github.com/rust-lang/crates.io-index)",
 "sr-io 0.1.0 (git+https://github.com/paritytech/substrate)",
 "sr-primitives 0.1.0 (git+https://github.com/paritytech/substrate)",
 "sr-std 0.1.0 (git+https://github.com/paritytech/substrate)",
 "srml-balances 0.1.0 (git+https://github.com/paritytech/substrate)",
 "srml-consensus 0.1.0 (git+https://github.com/paritytech/substrate)",
 "srml-support 0.1.0 (git+https://github.com/paritytech/substrate)",
 "srml-system 0.1.0 (git+https://github.com/paritytech/substrate)",
 "substrate-primitives 0.1.0 (git+https://github.com/paritytech/substrate)",
]

[[package]]
name = "srml-executive"
version = "0.1.0"
source = "git+https://github.com/paritytech/substrate#b9849fe33203fd34105452ca8e8e638f3918d357"
dependencies = [
 "hex-literal 0.1.1 (registry+https://github.com/rust-lang/crates.io-index)",
 "parity-codec 0.1.0 (git+https://github.com/paritytech/substrate)",
 "serde 1.0.75 (registry+https://github.com/rust-lang/crates.io-index)",
 "sr-io 0.1.0 (git+https://github.com/paritytech/substrate)",
 "sr-primitives 0.1.0 (git+https://github.com/paritytech/substrate)",
 "sr-std 0.1.0 (git+https://github.com/paritytech/substrate)",
 "srml-support 0.1.0 (git+https://github.com/paritytech/substrate)",
 "srml-system 0.1.0 (git+https://github.com/paritytech/substrate)",
]

[[package]]
name = "srml-session"
version = "0.1.0"
source = "git+https://github.com/paritytech/substrate#b9849fe33203fd34105452ca8e8e638f3918d357"
dependencies = [
 "hex-literal 0.1.1 (registry+https://github.com/rust-lang/crates.io-index)",
 "parity-codec 0.1.0 (git+https://github.com/paritytech/substrate)",
 "parity-codec-derive 0.1.0 (git+https://github.com/paritytech/substrate)",
 "safe-mix 1.0.0 (registry+https://github.com/rust-lang/crates.io-index)",
 "serde 1.0.75 (registry+https://github.com/rust-lang/crates.io-index)",
 "sr-io 0.1.0 (git+https://github.com/paritytech/substrate)",
 "sr-primitives 0.1.0 (git+https://github.com/paritytech/substrate)",
 "sr-std 0.1.0 (git+https://github.com/paritytech/substrate)",
 "srml-consensus 0.1.0 (git+https://github.com/paritytech/substrate)",
 "srml-support 0.1.0 (git+https://github.com/paritytech/substrate)",
 "srml-system 0.1.0 (git+https://github.com/paritytech/substrate)",
 "srml-timestamp 0.1.0 (git+https://github.com/paritytech/substrate)",
 "substrate-primitives 0.1.0 (git+https://github.com/paritytech/substrate)",
]

[[package]]
name = "srml-staking"
version = "0.1.0"
source = "git+https://github.com/paritytech/substrate#b9849fe33203fd34105452ca8e8e638f3918d357"
dependencies = [
 "hex-literal 0.1.1 (registry+https://github.com/rust-lang/crates.io-index)",
 "parity-codec 0.1.0 (git+https://github.com/paritytech/substrate)",
 "parity-codec-derive 0.1.0 (git+https://github.com/paritytech/substrate)",
 "safe-mix 1.0.0 (registry+https://github.com/rust-lang/crates.io-index)",
 "serde 1.0.75 (registry+https://github.com/rust-lang/crates.io-index)",
 "sr-io 0.1.0 (git+https://github.com/paritytech/substrate)",
 "sr-primitives 0.1.0 (git+https://github.com/paritytech/substrate)",
 "sr-sandbox 0.1.0 (git+https://github.com/paritytech/substrate)",
 "sr-std 0.1.0 (git+https://github.com/paritytech/substrate)",
 "srml-balances 0.1.0 (git+https://github.com/paritytech/substrate)",
 "srml-consensus 0.1.0 (git+https://github.com/paritytech/substrate)",
 "srml-session 0.1.0 (git+https://github.com/paritytech/substrate)",
 "srml-support 0.1.0 (git+https://github.com/paritytech/substrate)",
 "srml-system 0.1.0 (git+https://github.com/paritytech/substrate)",
 "srml-timestamp 0.1.0 (git+https://github.com/paritytech/substrate)",
 "substrate-primitives 0.1.0 (git+https://github.com/paritytech/substrate)",
]

[[package]]
name = "srml-support"
version = "0.1.0"
source = "git+https://github.com/paritytech/substrate#b9849fe33203fd34105452ca8e8e638f3918d357"
dependencies = [
 "parity-codec 0.1.0 (git+https://github.com/paritytech/substrate)",
 "serde 1.0.75 (registry+https://github.com/rust-lang/crates.io-index)",
 "sr-io 0.1.0 (git+https://github.com/paritytech/substrate)",
 "sr-std 0.1.0 (git+https://github.com/paritytech/substrate)",
 "substrate-metadata 0.1.0 (git+https://github.com/paritytech/substrate)",
 "substrate-primitives 0.1.0 (git+https://github.com/paritytech/substrate)",
]

[[package]]
name = "srml-system"
version = "0.1.0"
source = "git+https://github.com/paritytech/substrate#b9849fe33203fd34105452ca8e8e638f3918d357"
dependencies = [
 "hex-literal 0.1.1 (registry+https://github.com/rust-lang/crates.io-index)",
 "parity-codec 0.1.0 (git+https://github.com/paritytech/substrate)",
 "parity-codec-derive 0.1.0 (git+https://github.com/paritytech/substrate)",
 "safe-mix 1.0.0 (registry+https://github.com/rust-lang/crates.io-index)",
 "serde 1.0.75 (registry+https://github.com/rust-lang/crates.io-index)",
 "sr-io 0.1.0 (git+https://github.com/paritytech/substrate)",
 "sr-primitives 0.1.0 (git+https://github.com/paritytech/substrate)",
 "sr-std 0.1.0 (git+https://github.com/paritytech/substrate)",
 "srml-support 0.1.0 (git+https://github.com/paritytech/substrate)",
 "substrate-primitives 0.1.0 (git+https://github.com/paritytech/substrate)",
]

[[package]]
name = "srml-timestamp"
version = "0.1.0"
source = "git+https://github.com/paritytech/substrate#b9849fe33203fd34105452ca8e8e638f3918d357"
dependencies = [
 "hex-literal 0.1.1 (registry+https://github.com/rust-lang/crates.io-index)",
 "parity-codec 0.1.0 (git+https://github.com/paritytech/substrate)",
 "serde 1.0.75 (registry+https://github.com/rust-lang/crates.io-index)",
 "sr-io 0.1.0 (git+https://github.com/paritytech/substrate)",
 "sr-primitives 0.1.0 (git+https://github.com/paritytech/substrate)",
 "sr-std 0.1.0 (git+https://github.com/paritytech/substrate)",
 "srml-consensus 0.1.0 (git+https://github.com/paritytech/substrate)",
 "srml-support 0.1.0 (git+https://github.com/paritytech/substrate)",
 "srml-system 0.1.0 (git+https://github.com/paritytech/substrate)",
 "substrate-primitives 0.1.0 (git+https://github.com/paritytech/substrate)",
]

[[package]]
name = "srml-treasury"
version = "0.1.0"
source = "git+https://github.com/paritytech/substrate#b9849fe33203fd34105452ca8e8e638f3918d357"
dependencies = [
 "hex-literal 0.1.1 (registry+https://github.com/rust-lang/crates.io-index)",
 "parity-codec 0.1.0 (git+https://github.com/paritytech/substrate)",
 "parity-codec-derive 0.1.0 (git+https://github.com/paritytech/substrate)",
 "serde 1.0.75 (registry+https://github.com/rust-lang/crates.io-index)",
 "sr-io 0.1.0 (git+https://github.com/paritytech/substrate)",
 "sr-primitives 0.1.0 (git+https://github.com/paritytech/substrate)",
 "sr-std 0.1.0 (git+https://github.com/paritytech/substrate)",
 "srml-balances 0.1.0 (git+https://github.com/paritytech/substrate)",
 "srml-support 0.1.0 (git+https://github.com/paritytech/substrate)",
 "srml-system 0.1.0 (git+https://github.com/paritytech/substrate)",
 "substrate-primitives 0.1.0 (git+https://github.com/paritytech/substrate)",
]

[[package]]
name = "substrate-metadata"
version = "0.1.0"
source = "git+https://github.com/paritytech/substrate#b9849fe33203fd34105452ca8e8e638f3918d357"
dependencies = [
 "parity-codec 0.1.0 (git+https://github.com/paritytech/substrate)",
]

[[package]]
name = "substrate-primitives"
version = "0.1.0"
source = "git+https://github.com/paritytech/substrate#b9849fe33203fd34105452ca8e8e638f3918d357"
dependencies = [
 "byteorder 1.2.6 (registry+https://github.com/rust-lang/crates.io-index)",
 "crunchy 0.1.6 (registry+https://github.com/rust-lang/crates.io-index)",
 "fixed-hash 0.2.2 (registry+https://github.com/rust-lang/crates.io-index)",
 "hashdb 0.2.1 (registry+https://github.com/rust-lang/crates.io-index)",
 "parity-codec 0.1.0 (git+https://github.com/paritytech/substrate)",
 "parity-codec-derive 0.1.0 (git+https://github.com/paritytech/substrate)",
 "hash256_std_hasher 0.2.0 (registry+https://github.com/rust-lang/crates.io-index)",
 "rustc-hex 2.0.1 (registry+https://github.com/rust-lang/crates.io-index)",
 "serde 1.0.75 (registry+https://github.com/rust-lang/crates.io-index)",
 "sr-std 0.1.0 (git+https://github.com/paritytech/substrate)",
 "uint 0.4.1 (registry+https://github.com/rust-lang/crates.io-index)",
]

[[package]]
name = "syn"
version = "0.14.9"
source = "registry+https://github.com/rust-lang/crates.io-index"
dependencies = [
 "proc-macro2 0.4.15 (registry+https://github.com/rust-lang/crates.io-index)",
 "quote 0.6.8 (registry+https://github.com/rust-lang/crates.io-index)",
 "unicode-xid 0.1.0 (registry+https://github.com/rust-lang/crates.io-index)",
]

[[package]]
name = "uint"
version = "0.4.1"
source = "registry+https://github.com/rust-lang/crates.io-index"
dependencies = [
 "byteorder 1.2.6 (registry+https://github.com/rust-lang/crates.io-index)",
 "crunchy 0.1.6 (registry+https://github.com/rust-lang/crates.io-index)",
 "rustc-hex 2.0.1 (registry+https://github.com/rust-lang/crates.io-index)",
]

[[package]]
name = "unicode-xid"
version = "0.1.0"
source = "registry+https://github.com/rust-lang/crates.io-index"

[metadata]
"checksum arrayvec 0.4.7 (registry+https://github.com/rust-lang/crates.io-index)" = "a1e964f9e24d588183fcb43503abda40d288c8657dfc27311516ce2f05675aef"
"checksum byteorder 1.2.6 (registry+https://github.com/rust-lang/crates.io-index)" = "90492c5858dd7d2e78691cfb89f90d273a2800fc11d98f60786e5d87e2f83781"
"checksum crunchy 0.1.6 (registry+https://github.com/rust-lang/crates.io-index)" = "a2f4a431c5c9f662e1200b7c7f02c34e91361150e382089a8f2dec3ba680cbda"
"checksum fixed-hash 0.2.2 (registry+https://github.com/rust-lang/crates.io-index)" = "0d5ec8112f00ea8a483e04748a85522184418fd1cf02890b626d8fc28683f7de"
"checksum hashdb 0.2.1 (registry+https://github.com/rust-lang/crates.io-index)" = "f1c71fc577cde89b3345d5f2880fecaf462a32e96c619f431279bdaf1ba5ddb1"
"checksum hex-literal 0.1.1 (registry+https://github.com/rust-lang/crates.io-index)" = "4da5f0e01bd8a71a224a4eedecaacfcabda388dbb7a80faf04d3514287572d95"
"checksum hex-literal-impl 0.1.1 (registry+https://github.com/rust-lang/crates.io-index)" = "1d340b6514f232f6db1bd16db65302a5278a04fef9ce867cb932e7e5fa21130a"
"checksum integer-sqrt 0.1.0 (git+https://github.com/paritytech/integer-sqrt-rs.git)" = "<none>"
"checksum nodrop 0.1.12 (registry+https://github.com/rust-lang/crates.io-index)" = "9a2228dca57108069a5262f2ed8bd2e82496d2e074a06d1ccc7ce1687b6ae0a2"
"checksum num-traits 0.2.5 (registry+https://github.com/rust-lang/crates.io-index)" = "630de1ef5cc79d0cdd78b7e33b81f083cbfe90de0f4b2b2f07f905867c70e9fe"
"checksum parity-codec 0.1.0 (git+https://github.com/paritytech/substrate)" = "<none>"
"checksum parity-codec-derive 0.1.0 (git+https://github.com/paritytech/substrate)" = "<none>"
"checksum hash256_std_hasher 0.2.0 (registry+https://github.com/rust-lang/crates.io-index)" = "95fa6386b1d34aaf0adb9b7dd2885dbe7c34190e6263785e5a7ec2b19044a90f"
"checksum proc-macro-hack 0.4.0 (registry+https://github.com/rust-lang/crates.io-index)" = "3ba8d4f9257b85eb6cdf13f055cea3190520aab1409ca2ab43493ea4820c25f0"
"checksum proc-macro-hack-impl 0.4.0 (registry+https://github.com/rust-lang/crates.io-index)" = "d5cb6f960ad471404618e9817c0e5d10b1ae74cfdf01fab89ea0641fe7fb2892"
"checksum proc-macro2 0.4.15 (registry+https://github.com/rust-lang/crates.io-index)" = "295af93acfb1d5be29c16ca5b3f82d863836efd9cb0c14fd83811eb9a110e452"
"checksum pwasm-alloc 0.1.0 (git+https://github.com/paritytech/substrate)" = "<none>"
"checksum pwasm-libc 0.1.0 (git+https://github.com/paritytech/substrate)" = "<none>"
"checksum quote 0.6.8 (registry+https://github.com/rust-lang/crates.io-index)" = "dd636425967c33af890042c483632d33fa7a18f19ad1d7ea72e8998c6ef8dea5"
"checksum rustc-hex 2.0.1 (registry+https://github.com/rust-lang/crates.io-index)" = "403bb3a286107a04825a5f82e1270acc1e14028d3d554d7a1e08914549575ab8"
"checksum rustc_version 0.2.3 (registry+https://github.com/rust-lang/crates.io-index)" = "138e3e0acb6c9fb258b19b67cb8abd63c00679d2851805ea151465464fe9030a"
"checksum safe-mix 1.0.0 (registry+https://github.com/rust-lang/crates.io-index)" = "7f7bf422d23a88c16d5090d455f182bc99c60af4df6a345c63428acf5129e347"
"checksum semver 0.9.0 (registry+https://github.com/rust-lang/crates.io-index)" = "1d7eb9ef2c18661902cc47e535f9bc51b78acd254da71d375c2f6720d9a40403"
"checksum semver-parser 0.7.0 (registry+https://github.com/rust-lang/crates.io-index)" = "388a1df253eca08550bef6c72392cfe7c30914bf41df5269b68cbd6ff8f570a3"
"checksum serde 1.0.75 (registry+https://github.com/rust-lang/crates.io-index)" = "22d340507cea0b7e6632900a176101fea959c7065d93ba555072da90aaaafc87"
"checksum sr-io 0.1.0 (git+https://github.com/paritytech/substrate)" = "<none>"
"checksum sr-primitives 0.1.0 (git+https://github.com/paritytech/substrate)" = "<none>"
"checksum sr-sandbox 0.1.0 (git+https://github.com/paritytech/substrate)" = "<none>"
"checksum sr-std 0.1.0 (git+https://github.com/paritytech/substrate)" = "<none>"
"checksum sr-version 0.1.0 (git+https://github.com/paritytech/substrate)" = "<none>"
"checksum srml-balances 0.1.0 (git+https://github.com/paritytech/substrate)" = "<none>"
"checksum srml-consensus 0.1.0 (git+https://github.com/paritytech/substrate)" = "<none>"
"checksum srml-council 0.1.0 (git+https://github.com/paritytech/substrate)" = "<none>"
"checksum srml-democracy 0.1.0 (git+https://github.com/paritytech/substrate)" = "<none>"
"checksum srml-executive 0.1.0 (git+https://github.com/paritytech/substrate)" = "<none>"
"checksum srml-session 0.1.0 (git+https://github.com/paritytech/substrate)" = "<none>"
"checksum srml-staking 0.1.0 (git+https://github.com/paritytech/substrate)" = "<none>"
"checksum srml-support 0.1.0 (git+https://github.com/paritytech/substrate)" = "<none>"
"checksum srml-system 0.1.0 (git+https://github.com/paritytech/substrate)" = "<none>"
"checksum srml-timestamp 0.1.0 (git+https://github.com/paritytech/substrate)" = "<none>"
"checksum srml-treasury 0.1.0 (git+https://github.com/paritytech/substrate)" = "<none>"
"checksum substrate-metadata 0.1.0 (git+https://github.com/paritytech/substrate)" = "<none>"
"checksum substrate-primitives 0.1.0 (git+https://github.com/paritytech/substrate)" = "<none>"
"checksum syn 0.14.9 (registry+https://github.com/rust-lang/crates.io-index)" = "261ae9ecaa397c42b960649561949d69311f08eeaea86a65696e6e46517cf741"
"checksum uint 0.4.1 (registry+https://github.com/rust-lang/crates.io-index)" = "754ba11732b9161b94c41798e5197e5e75388d012f760c42adb5000353e98646"
"checksum unicode-xid 0.1.0 (registry+https://github.com/rust-lang/crates.io-index)" = "fc72304796d0818e357ead4e000d19c9c174ab23dc11093ac919054d20a6a7fc"
