[[package]]
name = "arrayvec"
version = "0.4.7"
source = "registry+https://github.com/rust-lang/crates.io-index"
dependencies = [
 "nodrop 0.1.13 (registry+https://github.com/rust-lang/crates.io-index)",
]

[[package]]
name = "bitvec"
version = "0.8.0"
source = "registry+https://github.com/rust-lang/crates.io-index"

[[package]]
name = "blake2-rfc"
version = "0.2.18"
source = "registry+https://github.com/rust-lang/crates.io-index"
dependencies = [
 "arrayvec 0.4.7 (registry+https://github.com/rust-lang/crates.io-index)",
 "constant_time_eq 0.1.3 (registry+https://github.com/rust-lang/crates.io-index)",
]

[[package]]
name = "byteorder"
version = "1.2.7"
source = "registry+https://github.com/rust-lang/crates.io-index"

[[package]]
name = "constant_time_eq"
version = "0.1.3"
source = "registry+https://github.com/rust-lang/crates.io-index"

[[package]]
name = "crunchy"
version = "0.1.6"
source = "registry+https://github.com/rust-lang/crates.io-index"

[[package]]
name = "crunchy"
version = "0.2.1"
source = "registry+https://github.com/rust-lang/crates.io-index"

[[package]]
name = "fixed-hash"
version = "0.3.0"
source = "registry+https://github.com/rust-lang/crates.io-index"
dependencies = [
 "static_assertions 0.2.5 (registry+https://github.com/rust-lang/crates.io-index)",
]

[[package]]
name = "hash-db"
version = "0.9.0"
source = "git+https://github.com/paritytech/trie#2616db2a2529098949e5d39aa06dd4e502a9e5f7"

[[package]]
name = "hash256-std-hasher"
version = "0.9.0"
source = "git+https://github.com/paritytech/trie#2616db2a2529098949e5d39aa06dd4e502a9e5f7"
dependencies = [
 "crunchy 0.1.6 (registry+https://github.com/rust-lang/crates.io-index)",
]

[[package]]
name = "hex-literal"
version = "0.1.1"
source = "registry+https://github.com/rust-lang/crates.io-index"
dependencies = [
 "hex-literal-impl 0.1.1 (registry+https://github.com/rust-lang/crates.io-index)",
 "proc-macro-hack 0.4.1 (registry+https://github.com/rust-lang/crates.io-index)",
]

[[package]]
name = "hex-literal-impl"
version = "0.1.1"
source = "registry+https://github.com/rust-lang/crates.io-index"
dependencies = [
 "proc-macro-hack 0.4.1 (registry+https://github.com/rust-lang/crates.io-index)",
]

[[package]]
name = "integer-sqrt"
version = "0.1.0"
source = "git+https://github.com/paritytech/integer-sqrt-rs.git#886e9cb983c46498003878afe965d55caa762025"

[[package]]
name = "integer-sqrt"
version = "0.1.2"
source = "registry+https://github.com/rust-lang/crates.io-index"

[[package]]
name = "mashup"
version = "0.1.9"
source = "registry+https://github.com/rust-lang/crates.io-index"
dependencies = [
 "mashup-impl 0.1.9 (registry+https://github.com/rust-lang/crates.io-index)",
 "proc-macro-hack 0.4.1 (registry+https://github.com/rust-lang/crates.io-index)",
]

[[package]]
name = "mashup-impl"
version = "0.1.9"
source = "registry+https://github.com/rust-lang/crates.io-index"
dependencies = [
 "proc-macro-hack 0.4.1 (registry+https://github.com/rust-lang/crates.io-index)",
 "proc-macro2 0.4.24 (registry+https://github.com/rust-lang/crates.io-index)",
]

[[package]]
name = "nodrop"
version = "0.1.13"
source = "registry+https://github.com/rust-lang/crates.io-index"

[[package]]
name = "num-traits"
version = "0.2.6"
source = "registry+https://github.com/rust-lang/crates.io-index"

[[package]]
name = "parity-codec"
version = "2.1.5"
source = "registry+https://github.com/rust-lang/crates.io-index"
dependencies = [
 "arrayvec 0.4.7 (registry+https://github.com/rust-lang/crates.io-index)",
]

[[package]]
name = "parity-codec-derive"
version = "2.1.0"
source = "registry+https://github.com/rust-lang/crates.io-index"
dependencies = [
 "proc-macro2 0.4.24 (registry+https://github.com/rust-lang/crates.io-index)",
 "quote 0.6.10 (registry+https://github.com/rust-lang/crates.io-index)",
 "syn 0.14.9 (registry+https://github.com/rust-lang/crates.io-index)",
]

[[package]]
name = "polkadot-primitives"
version = "0.1.0"
dependencies = [
 "parity-codec 2.1.5 (registry+https://github.com/rust-lang/crates.io-index)",
 "parity-codec-derive 2.1.0 (registry+https://github.com/rust-lang/crates.io-index)",
 "serde 1.0.80 (registry+https://github.com/rust-lang/crates.io-index)",
 "sr-primitives 0.1.0 (git+https://github.com/paritytech/substrate)",
 "sr-std 0.1.0 (git+https://github.com/paritytech/substrate)",
 "sr-version 0.1.0 (git+https://github.com/paritytech/substrate)",
 "substrate-client 0.1.0 (git+https://github.com/paritytech/substrate)",
 "substrate-primitives 0.1.0 (git+https://github.com/paritytech/substrate)",
]

[[package]]
name = "polkadot-runtime"
version = "0.1.0"
dependencies = [
 "bitvec 0.8.0 (registry+https://github.com/rust-lang/crates.io-index)",
 "integer-sqrt 0.1.0 (git+https://github.com/paritytech/integer-sqrt-rs.git)",
 "parity-codec 2.1.5 (registry+https://github.com/rust-lang/crates.io-index)",
 "parity-codec-derive 2.1.0 (registry+https://github.com/rust-lang/crates.io-index)",
 "polkadot-primitives 0.1.0",
 "safe-mix 1.0.0 (registry+https://github.com/rust-lang/crates.io-index)",
 "sr-io 0.1.0 (git+https://github.com/paritytech/substrate)",
 "sr-primitives 0.1.0 (git+https://github.com/paritytech/substrate)",
 "sr-std 0.1.0 (git+https://github.com/paritytech/substrate)",
 "sr-version 0.1.0 (git+https://github.com/paritytech/substrate)",
 "srml-balances 0.1.0 (git+https://github.com/paritytech/substrate)",
 "srml-consensus 0.1.0 (git+https://github.com/paritytech/substrate)",
 "srml-council 0.1.0 (git+https://github.com/paritytech/substrate)",
 "srml-democracy 0.1.0 (git+https://github.com/paritytech/substrate)",
 "srml-executive 0.1.0 (git+https://github.com/paritytech/substrate)",
 "srml-grandpa 0.1.0 (git+https://github.com/paritytech/substrate)",
 "srml-session 0.1.0 (git+https://github.com/paritytech/substrate)",
 "srml-staking 0.1.0 (git+https://github.com/paritytech/substrate)",
 "srml-support 0.1.0 (git+https://github.com/paritytech/substrate)",
 "srml-system 0.1.0 (git+https://github.com/paritytech/substrate)",
 "srml-timestamp 0.1.0 (git+https://github.com/paritytech/substrate)",
 "srml-treasury 0.1.0 (git+https://github.com/paritytech/substrate)",
 "substrate-client 0.1.0 (git+https://github.com/paritytech/substrate)",
 "substrate-primitives 0.1.0 (git+https://github.com/paritytech/substrate)",
]

[[package]]
name = "proc-macro-hack"
version = "0.4.1"
source = "registry+https://github.com/rust-lang/crates.io-index"
dependencies = [
 "proc-macro-hack-impl 0.4.1 (registry+https://github.com/rust-lang/crates.io-index)",
]

[[package]]
name = "proc-macro-hack-impl"
version = "0.4.1"
source = "registry+https://github.com/rust-lang/crates.io-index"

[[package]]
name = "proc-macro2"
version = "0.4.24"
source = "registry+https://github.com/rust-lang/crates.io-index"
dependencies = [
 "unicode-xid 0.1.0 (registry+https://github.com/rust-lang/crates.io-index)",
]

[[package]]
name = "quote"
version = "0.6.10"
source = "registry+https://github.com/rust-lang/crates.io-index"
dependencies = [
 "proc-macro2 0.4.24 (registry+https://github.com/rust-lang/crates.io-index)",
]

[[package]]
name = "rustc-hex"
version = "2.0.1"
source = "registry+https://github.com/rust-lang/crates.io-index"

[[package]]
name = "rustc_version"
version = "0.2.3"
source = "registry+https://github.com/rust-lang/crates.io-index"
dependencies = [
 "semver 0.9.0 (registry+https://github.com/rust-lang/crates.io-index)",
]

[[package]]
name = "safe-mix"
version = "1.0.0"
source = "registry+https://github.com/rust-lang/crates.io-index"
dependencies = [
 "rustc_version 0.2.3 (registry+https://github.com/rust-lang/crates.io-index)",
]

[[package]]
name = "semver"
version = "0.9.0"
source = "registry+https://github.com/rust-lang/crates.io-index"
dependencies = [
 "semver-parser 0.7.0 (registry+https://github.com/rust-lang/crates.io-index)",
]

[[package]]
name = "semver-parser"
version = "0.7.0"
source = "registry+https://github.com/rust-lang/crates.io-index"

[[package]]
name = "serde"
version = "1.0.80"
source = "registry+https://github.com/rust-lang/crates.io-index"

[[package]]
name = "sr-api-macros"
version = "0.1.0"
source = "git+https://github.com/paritytech/substrate#3329915cd5458bd065c9f921891487e71511097c"
dependencies = [
 "blake2-rfc 0.2.18 (registry+https://github.com/rust-lang/crates.io-index)",
 "proc-macro2 0.4.24 (registry+https://github.com/rust-lang/crates.io-index)",
 "quote 0.6.10 (registry+https://github.com/rust-lang/crates.io-index)",
 "syn 0.15.22 (registry+https://github.com/rust-lang/crates.io-index)",
]

[[package]]
name = "sr-io"
version = "0.1.0"
source = "git+https://github.com/paritytech/substrate#3329915cd5458bd065c9f921891487e71511097c"
dependencies = [
 "hash-db 0.9.0 (git+https://github.com/paritytech/trie)",
 "parity-codec 2.1.5 (registry+https://github.com/rust-lang/crates.io-index)",
 "rustc_version 0.2.3 (registry+https://github.com/rust-lang/crates.io-index)",
 "sr-std 0.1.0 (git+https://github.com/paritytech/substrate)",
 "substrate-primitives 0.1.0 (git+https://github.com/paritytech/substrate)",
]

[[package]]
name = "sr-primitives"
version = "0.1.0"
source = "git+https://github.com/paritytech/substrate#3329915cd5458bd065c9f921891487e71511097c"
dependencies = [
 "integer-sqrt 0.1.2 (registry+https://github.com/rust-lang/crates.io-index)",
 "num-traits 0.2.6 (registry+https://github.com/rust-lang/crates.io-index)",
 "parity-codec 2.1.5 (registry+https://github.com/rust-lang/crates.io-index)",
 "parity-codec-derive 2.1.0 (registry+https://github.com/rust-lang/crates.io-index)",
 "sr-io 0.1.0 (git+https://github.com/paritytech/substrate)",
 "sr-std 0.1.0 (git+https://github.com/paritytech/substrate)",
 "substrate-primitives 0.1.0 (git+https://github.com/paritytech/substrate)",
]

[[package]]
name = "sr-std"
version = "0.1.0"
source = "git+https://github.com/paritytech/substrate#3329915cd5458bd065c9f921891487e71511097c"
dependencies = [
 "rustc_version 0.2.3 (registry+https://github.com/rust-lang/crates.io-index)",
]

[[package]]
name = "sr-version"
version = "0.1.0"
source = "git+https://github.com/paritytech/substrate#3329915cd5458bd065c9f921891487e71511097c"
dependencies = [
 "parity-codec 2.1.5 (registry+https://github.com/rust-lang/crates.io-index)",
 "parity-codec-derive 2.1.0 (registry+https://github.com/rust-lang/crates.io-index)",
 "serde 1.0.80 (registry+https://github.com/rust-lang/crates.io-index)",
 "sr-primitives 0.1.0 (git+https://github.com/paritytech/substrate)",
 "sr-std 0.1.0 (git+https://github.com/paritytech/substrate)",
]

[[package]]
name = "srml-balances"
version = "0.1.0"
source = "git+https://github.com/paritytech/substrate#3329915cd5458bd065c9f921891487e71511097c"
dependencies = [
 "hex-literal 0.1.1 (registry+https://github.com/rust-lang/crates.io-index)",
 "parity-codec 2.1.5 (registry+https://github.com/rust-lang/crates.io-index)",
 "parity-codec-derive 2.1.0 (registry+https://github.com/rust-lang/crates.io-index)",
 "safe-mix 1.0.0 (registry+https://github.com/rust-lang/crates.io-index)",
 "serde 1.0.80 (registry+https://github.com/rust-lang/crates.io-index)",
 "sr-io 0.1.0 (git+https://github.com/paritytech/substrate)",
 "sr-primitives 0.1.0 (git+https://github.com/paritytech/substrate)",
 "sr-std 0.1.0 (git+https://github.com/paritytech/substrate)",
 "srml-support 0.1.0 (git+https://github.com/paritytech/substrate)",
 "srml-system 0.1.0 (git+https://github.com/paritytech/substrate)",
 "substrate-primitives 0.1.0 (git+https://github.com/paritytech/substrate)",
]

[[package]]
name = "srml-consensus"
version = "0.1.0"
source = "git+https://github.com/paritytech/substrate#3329915cd5458bd065c9f921891487e71511097c"
dependencies = [
 "hex-literal 0.1.1 (registry+https://github.com/rust-lang/crates.io-index)",
 "parity-codec 2.1.5 (registry+https://github.com/rust-lang/crates.io-index)",
 "parity-codec-derive 2.1.0 (registry+https://github.com/rust-lang/crates.io-index)",
 "serde 1.0.80 (registry+https://github.com/rust-lang/crates.io-index)",
 "sr-io 0.1.0 (git+https://github.com/paritytech/substrate)",
 "sr-primitives 0.1.0 (git+https://github.com/paritytech/substrate)",
 "sr-std 0.1.0 (git+https://github.com/paritytech/substrate)",
 "srml-support 0.1.0 (git+https://github.com/paritytech/substrate)",
 "srml-system 0.1.0 (git+https://github.com/paritytech/substrate)",
 "substrate-primitives 0.1.0 (git+https://github.com/paritytech/substrate)",
]

[[package]]
name = "srml-council"
version = "0.1.0"
source = "git+https://github.com/paritytech/substrate#3329915cd5458bd065c9f921891487e71511097c"
dependencies = [
 "hex-literal 0.1.1 (registry+https://github.com/rust-lang/crates.io-index)",
 "parity-codec 2.1.5 (registry+https://github.com/rust-lang/crates.io-index)",
 "parity-codec-derive 2.1.0 (registry+https://github.com/rust-lang/crates.io-index)",
 "safe-mix 1.0.0 (registry+https://github.com/rust-lang/crates.io-index)",
 "serde 1.0.80 (registry+https://github.com/rust-lang/crates.io-index)",
 "sr-io 0.1.0 (git+https://github.com/paritytech/substrate)",
 "sr-primitives 0.1.0 (git+https://github.com/paritytech/substrate)",
 "sr-std 0.1.0 (git+https://github.com/paritytech/substrate)",
 "srml-balances 0.1.0 (git+https://github.com/paritytech/substrate)",
 "srml-democracy 0.1.0 (git+https://github.com/paritytech/substrate)",
 "srml-support 0.1.0 (git+https://github.com/paritytech/substrate)",
 "srml-system 0.1.0 (git+https://github.com/paritytech/substrate)",
 "substrate-primitives 0.1.0 (git+https://github.com/paritytech/substrate)",
]

[[package]]
name = "srml-democracy"
version = "0.1.0"
source = "git+https://github.com/paritytech/substrate#3329915cd5458bd065c9f921891487e71511097c"
dependencies = [
 "hex-literal 0.1.1 (registry+https://github.com/rust-lang/crates.io-index)",
 "parity-codec 2.1.5 (registry+https://github.com/rust-lang/crates.io-index)",
 "parity-codec-derive 2.1.0 (registry+https://github.com/rust-lang/crates.io-index)",
 "safe-mix 1.0.0 (registry+https://github.com/rust-lang/crates.io-index)",
 "serde 1.0.80 (registry+https://github.com/rust-lang/crates.io-index)",
 "sr-io 0.1.0 (git+https://github.com/paritytech/substrate)",
 "sr-primitives 0.1.0 (git+https://github.com/paritytech/substrate)",
 "sr-std 0.1.0 (git+https://github.com/paritytech/substrate)",
 "srml-balances 0.1.0 (git+https://github.com/paritytech/substrate)",
 "srml-support 0.1.0 (git+https://github.com/paritytech/substrate)",
 "srml-system 0.1.0 (git+https://github.com/paritytech/substrate)",
 "substrate-primitives 0.1.0 (git+https://github.com/paritytech/substrate)",
]

[[package]]
name = "srml-executive"
version = "0.1.0"
source = "git+https://github.com/paritytech/substrate#3329915cd5458bd065c9f921891487e71511097c"
dependencies = [
 "hex-literal 0.1.1 (registry+https://github.com/rust-lang/crates.io-index)",
 "parity-codec 2.1.5 (registry+https://github.com/rust-lang/crates.io-index)",
 "parity-codec-derive 2.1.0 (registry+https://github.com/rust-lang/crates.io-index)",
 "serde 1.0.80 (registry+https://github.com/rust-lang/crates.io-index)",
 "sr-io 0.1.0 (git+https://github.com/paritytech/substrate)",
 "sr-primitives 0.1.0 (git+https://github.com/paritytech/substrate)",
 "sr-std 0.1.0 (git+https://github.com/paritytech/substrate)",
 "srml-support 0.1.0 (git+https://github.com/paritytech/substrate)",
 "srml-system 0.1.0 (git+https://github.com/paritytech/substrate)",
]

[[package]]
name = "srml-grandpa"
version = "0.1.0"
source = "git+https://github.com/paritytech/substrate#3329915cd5458bd065c9f921891487e71511097c"
dependencies = [
 "hex-literal 0.1.1 (registry+https://github.com/rust-lang/crates.io-index)",
 "parity-codec 2.1.5 (registry+https://github.com/rust-lang/crates.io-index)",
 "parity-codec-derive 2.1.0 (registry+https://github.com/rust-lang/crates.io-index)",
 "serde 1.0.80 (registry+https://github.com/rust-lang/crates.io-index)",
 "sr-io 0.1.0 (git+https://github.com/paritytech/substrate)",
 "sr-primitives 0.1.0 (git+https://github.com/paritytech/substrate)",
 "sr-std 0.1.0 (git+https://github.com/paritytech/substrate)",
 "srml-session 0.1.0 (git+https://github.com/paritytech/substrate)",
 "srml-support 0.1.0 (git+https://github.com/paritytech/substrate)",
 "srml-system 0.1.0 (git+https://github.com/paritytech/substrate)",
 "substrate-finality-grandpa-primitives 0.1.0 (git+https://github.com/paritytech/substrate)",
 "substrate-primitives 0.1.0 (git+https://github.com/paritytech/substrate)",
]

[[package]]
name = "srml-metadata"
version = "0.1.0"
source = "git+https://github.com/paritytech/substrate#3329915cd5458bd065c9f921891487e71511097c"
dependencies = [
 "parity-codec 2.1.5 (registry+https://github.com/rust-lang/crates.io-index)",
 "parity-codec-derive 2.1.0 (registry+https://github.com/rust-lang/crates.io-index)",
 "sr-std 0.1.0 (git+https://github.com/paritytech/substrate)",
 "substrate-primitives 0.1.0 (git+https://github.com/paritytech/substrate)",
]

[[package]]
name = "srml-session"
version = "0.1.0"
source = "git+https://github.com/paritytech/substrate#3329915cd5458bd065c9f921891487e71511097c"
dependencies = [
 "hex-literal 0.1.1 (registry+https://github.com/rust-lang/crates.io-index)",
 "parity-codec 2.1.5 (registry+https://github.com/rust-lang/crates.io-index)",
 "parity-codec-derive 2.1.0 (registry+https://github.com/rust-lang/crates.io-index)",
 "safe-mix 1.0.0 (registry+https://github.com/rust-lang/crates.io-index)",
 "serde 1.0.80 (registry+https://github.com/rust-lang/crates.io-index)",
 "sr-io 0.1.0 (git+https://github.com/paritytech/substrate)",
 "sr-primitives 0.1.0 (git+https://github.com/paritytech/substrate)",
 "sr-std 0.1.0 (git+https://github.com/paritytech/substrate)",
 "srml-consensus 0.1.0 (git+https://github.com/paritytech/substrate)",
 "srml-support 0.1.0 (git+https://github.com/paritytech/substrate)",
 "srml-system 0.1.0 (git+https://github.com/paritytech/substrate)",
 "srml-timestamp 0.1.0 (git+https://github.com/paritytech/substrate)",
 "substrate-primitives 0.1.0 (git+https://github.com/paritytech/substrate)",
]

[[package]]
name = "srml-staking"
version = "0.1.0"
source = "git+https://github.com/paritytech/substrate#3329915cd5458bd065c9f921891487e71511097c"
dependencies = [
 "hex-literal 0.1.1 (registry+https://github.com/rust-lang/crates.io-index)",
 "parity-codec 2.1.5 (registry+https://github.com/rust-lang/crates.io-index)",
 "parity-codec-derive 2.1.0 (registry+https://github.com/rust-lang/crates.io-index)",
 "safe-mix 1.0.0 (registry+https://github.com/rust-lang/crates.io-index)",
 "serde 1.0.80 (registry+https://github.com/rust-lang/crates.io-index)",
 "sr-io 0.1.0 (git+https://github.com/paritytech/substrate)",
 "sr-primitives 0.1.0 (git+https://github.com/paritytech/substrate)",
 "sr-std 0.1.0 (git+https://github.com/paritytech/substrate)",
 "srml-balances 0.1.0 (git+https://github.com/paritytech/substrate)",
 "srml-consensus 0.1.0 (git+https://github.com/paritytech/substrate)",
 "srml-session 0.1.0 (git+https://github.com/paritytech/substrate)",
 "srml-support 0.1.0 (git+https://github.com/paritytech/substrate)",
 "srml-system 0.1.0 (git+https://github.com/paritytech/substrate)",
 "srml-timestamp 0.1.0 (git+https://github.com/paritytech/substrate)",
 "substrate-primitives 0.1.0 (git+https://github.com/paritytech/substrate)",
]

[[package]]
name = "srml-support"
version = "0.1.0"
source = "git+https://github.com/paritytech/substrate#3329915cd5458bd065c9f921891487e71511097c"
dependencies = [
 "mashup 0.1.9 (registry+https://github.com/rust-lang/crates.io-index)",
 "parity-codec 2.1.5 (registry+https://github.com/rust-lang/crates.io-index)",
 "serde 1.0.80 (registry+https://github.com/rust-lang/crates.io-index)",
 "sr-io 0.1.0 (git+https://github.com/paritytech/substrate)",
 "sr-primitives 0.1.0 (git+https://github.com/paritytech/substrate)",
 "sr-std 0.1.0 (git+https://github.com/paritytech/substrate)",
 "srml-metadata 0.1.0 (git+https://github.com/paritytech/substrate)",
 "srml-support-procedural 0.1.0 (git+https://github.com/paritytech/substrate)",
]

[[package]]
name = "srml-support-procedural"
version = "0.1.0"
source = "git+https://github.com/paritytech/substrate#3329915cd5458bd065c9f921891487e71511097c"
dependencies = [
 "proc-macro2 0.4.24 (registry+https://github.com/rust-lang/crates.io-index)",
 "quote 0.6.10 (registry+https://github.com/rust-lang/crates.io-index)",
 "sr-api-macros 0.1.0 (git+https://github.com/paritytech/substrate)",
 "srml-support-procedural-tools 0.1.0 (git+https://github.com/paritytech/substrate)",
 "syn 0.15.22 (registry+https://github.com/rust-lang/crates.io-index)",
]

[[package]]
name = "srml-support-procedural-tools"
version = "0.1.0"
source = "git+https://github.com/paritytech/substrate#3329915cd5458bd065c9f921891487e71511097c"
dependencies = [
 "proc-macro2 0.4.24 (registry+https://github.com/rust-lang/crates.io-index)",
 "quote 0.6.10 (registry+https://github.com/rust-lang/crates.io-index)",
 "srml-support-procedural-tools-derive 0.1.0 (git+https://github.com/paritytech/substrate)",
 "syn 0.15.22 (registry+https://github.com/rust-lang/crates.io-index)",
]

[[package]]
name = "srml-support-procedural-tools-derive"
version = "0.1.0"
source = "git+https://github.com/paritytech/substrate#3329915cd5458bd065c9f921891487e71511097c"
dependencies = [
 "proc-macro2 0.4.24 (registry+https://github.com/rust-lang/crates.io-index)",
 "quote 0.6.10 (registry+https://github.com/rust-lang/crates.io-index)",
 "syn 0.15.22 (registry+https://github.com/rust-lang/crates.io-index)",
]

[[package]]
name = "srml-system"
version = "0.1.0"
source = "git+https://github.com/paritytech/substrate#3329915cd5458bd065c9f921891487e71511097c"
dependencies = [
 "hex-literal 0.1.1 (registry+https://github.com/rust-lang/crates.io-index)",
 "parity-codec 2.1.5 (registry+https://github.com/rust-lang/crates.io-index)",
 "parity-codec-derive 2.1.0 (registry+https://github.com/rust-lang/crates.io-index)",
 "safe-mix 1.0.0 (registry+https://github.com/rust-lang/crates.io-index)",
 "serde 1.0.80 (registry+https://github.com/rust-lang/crates.io-index)",
 "sr-io 0.1.0 (git+https://github.com/paritytech/substrate)",
 "sr-primitives 0.1.0 (git+https://github.com/paritytech/substrate)",
 "sr-std 0.1.0 (git+https://github.com/paritytech/substrate)",
 "srml-support 0.1.0 (git+https://github.com/paritytech/substrate)",
 "substrate-primitives 0.1.0 (git+https://github.com/paritytech/substrate)",
]

[[package]]
name = "srml-timestamp"
version = "0.1.0"
source = "git+https://github.com/paritytech/substrate#3329915cd5458bd065c9f921891487e71511097c"
dependencies = [
 "hex-literal 0.1.1 (registry+https://github.com/rust-lang/crates.io-index)",
 "parity-codec 2.1.5 (registry+https://github.com/rust-lang/crates.io-index)",
 "serde 1.0.80 (registry+https://github.com/rust-lang/crates.io-index)",
 "sr-io 0.1.0 (git+https://github.com/paritytech/substrate)",
 "sr-primitives 0.1.0 (git+https://github.com/paritytech/substrate)",
 "sr-std 0.1.0 (git+https://github.com/paritytech/substrate)",
 "srml-consensus 0.1.0 (git+https://github.com/paritytech/substrate)",
 "srml-support 0.1.0 (git+https://github.com/paritytech/substrate)",
 "srml-system 0.1.0 (git+https://github.com/paritytech/substrate)",
 "substrate-primitives 0.1.0 (git+https://github.com/paritytech/substrate)",
]

[[package]]
name = "srml-treasury"
version = "0.1.0"
source = "git+https://github.com/paritytech/substrate#3329915cd5458bd065c9f921891487e71511097c"
dependencies = [
 "hex-literal 0.1.1 (registry+https://github.com/rust-lang/crates.io-index)",
 "parity-codec 2.1.5 (registry+https://github.com/rust-lang/crates.io-index)",
 "parity-codec-derive 2.1.0 (registry+https://github.com/rust-lang/crates.io-index)",
 "serde 1.0.80 (registry+https://github.com/rust-lang/crates.io-index)",
 "sr-io 0.1.0 (git+https://github.com/paritytech/substrate)",
 "sr-primitives 0.1.0 (git+https://github.com/paritytech/substrate)",
 "sr-std 0.1.0 (git+https://github.com/paritytech/substrate)",
 "srml-balances 0.1.0 (git+https://github.com/paritytech/substrate)",
 "srml-support 0.1.0 (git+https://github.com/paritytech/substrate)",
 "srml-system 0.1.0 (git+https://github.com/paritytech/substrate)",
 "substrate-primitives 0.1.0 (git+https://github.com/paritytech/substrate)",
]

[[package]]
name = "static_assertions"
version = "0.2.5"
source = "registry+https://github.com/rust-lang/crates.io-index"

[[package]]
name = "substrate-client"
version = "0.1.0"
source = "git+https://github.com/paritytech/substrate#3329915cd5458bd065c9f921891487e71511097c"
dependencies = [
 "parity-codec 2.1.5 (registry+https://github.com/rust-lang/crates.io-index)",
 "sr-api-macros 0.1.0 (git+https://github.com/paritytech/substrate)",
 "sr-primitives 0.1.0 (git+https://github.com/paritytech/substrate)",
 "sr-std 0.1.0 (git+https://github.com/paritytech/substrate)",
 "sr-version 0.1.0 (git+https://github.com/paritytech/substrate)",
 "substrate-primitives 0.1.0 (git+https://github.com/paritytech/substrate)",
]

[[package]]
name = "substrate-finality-grandpa-primitives"
version = "0.1.0"
source = "git+https://github.com/paritytech/substrate#3329915cd5458bd065c9f921891487e71511097c"
dependencies = [
 "parity-codec 2.1.5 (registry+https://github.com/rust-lang/crates.io-index)",
 "parity-codec-derive 2.1.0 (registry+https://github.com/rust-lang/crates.io-index)",
 "sr-primitives 0.1.0 (git+https://github.com/paritytech/substrate)",
 "sr-std 0.1.0 (git+https://github.com/paritytech/substrate)",
 "substrate-client 0.1.0 (git+https://github.com/paritytech/substrate)",
 "substrate-primitives 0.1.0 (git+https://github.com/paritytech/substrate)",
]

[[package]]
name = "substrate-primitives"
version = "0.1.0"
source = "git+https://github.com/paritytech/substrate#3329915cd5458bd065c9f921891487e71511097c"
dependencies = [
 "byteorder 1.2.7 (registry+https://github.com/rust-lang/crates.io-index)",
 "crunchy 0.2.1 (registry+https://github.com/rust-lang/crates.io-index)",
 "fixed-hash 0.3.0 (registry+https://github.com/rust-lang/crates.io-index)",
 "hash-db 0.9.0 (git+https://github.com/paritytech/trie)",
 "hash256-std-hasher 0.9.0 (git+https://github.com/paritytech/trie)",
 "parity-codec 2.1.5 (registry+https://github.com/rust-lang/crates.io-index)",
 "parity-codec-derive 2.1.0 (registry+https://github.com/rust-lang/crates.io-index)",
 "rustc-hex 2.0.1 (registry+https://github.com/rust-lang/crates.io-index)",
 "serde 1.0.80 (registry+https://github.com/rust-lang/crates.io-index)",
 "sr-std 0.1.0 (git+https://github.com/paritytech/substrate)",
 "uint 0.5.0 (registry+https://github.com/rust-lang/crates.io-index)",
]

[[package]]
name = "syn"
version = "0.14.9"
source = "registry+https://github.com/rust-lang/crates.io-index"
dependencies = [
 "proc-macro2 0.4.24 (registry+https://github.com/rust-lang/crates.io-index)",
 "quote 0.6.10 (registry+https://github.com/rust-lang/crates.io-index)",
 "unicode-xid 0.1.0 (registry+https://github.com/rust-lang/crates.io-index)",
]

[[package]]
name = "syn"
version = "0.15.22"
source = "registry+https://github.com/rust-lang/crates.io-index"
dependencies = [
 "proc-macro2 0.4.24 (registry+https://github.com/rust-lang/crates.io-index)",
 "quote 0.6.10 (registry+https://github.com/rust-lang/crates.io-index)",
 "unicode-xid 0.1.0 (registry+https://github.com/rust-lang/crates.io-index)",
]

[[package]]
name = "uint"
version = "0.5.0"
source = "registry+https://github.com/rust-lang/crates.io-index"
dependencies = [
 "byteorder 1.2.7 (registry+https://github.com/rust-lang/crates.io-index)",
 "crunchy 0.2.1 (registry+https://github.com/rust-lang/crates.io-index)",
 "rustc-hex 2.0.1 (registry+https://github.com/rust-lang/crates.io-index)",
]

[[package]]
name = "unicode-xid"
version = "0.1.0"
source = "registry+https://github.com/rust-lang/crates.io-index"

[metadata]
"checksum arrayvec 0.4.7 (registry+https://github.com/rust-lang/crates.io-index)" = "a1e964f9e24d588183fcb43503abda40d288c8657dfc27311516ce2f05675aef"
"checksum bitvec 0.8.0 (registry+https://github.com/rust-lang/crates.io-index)" = "e37e2176261200377c7cde4c6de020394174df556c356f965e4bc239f5ce1c5a"
"checksum blake2-rfc 0.2.18 (registry+https://github.com/rust-lang/crates.io-index)" = "5d6d530bdd2d52966a6d03b7a964add7ae1a288d25214066fd4b600f0f796400"
"checksum byteorder 1.2.7 (registry+https://github.com/rust-lang/crates.io-index)" = "94f88df23a25417badc922ab0f5716cc1330e87f71ddd9203b3a3ccd9cedf75d"
"checksum constant_time_eq 0.1.3 (registry+https://github.com/rust-lang/crates.io-index)" = "8ff012e225ce166d4422e0e78419d901719760f62ae2b7969ca6b564d1b54a9e"
"checksum crunchy 0.1.6 (registry+https://github.com/rust-lang/crates.io-index)" = "a2f4a431c5c9f662e1200b7c7f02c34e91361150e382089a8f2dec3ba680cbda"
"checksum crunchy 0.2.1 (registry+https://github.com/rust-lang/crates.io-index)" = "c240f247c278fa08a6d4820a6a222bfc6e0d999e51ba67be94f44c905b2161f2"
"checksum fixed-hash 0.3.0 (registry+https://github.com/rust-lang/crates.io-index)" = "a557e80084b05c32b455963ff565a9de6f2866da023d6671705c6aff6f65e01c"
"checksum hash-db 0.9.0 (git+https://github.com/paritytech/trie)" = "<none>"
"checksum hash256-std-hasher 0.9.0 (git+https://github.com/paritytech/trie)" = "<none>"
"checksum hex-literal 0.1.1 (registry+https://github.com/rust-lang/crates.io-index)" = "4da5f0e01bd8a71a224a4eedecaacfcabda388dbb7a80faf04d3514287572d95"
"checksum hex-literal-impl 0.1.1 (registry+https://github.com/rust-lang/crates.io-index)" = "1d340b6514f232f6db1bd16db65302a5278a04fef9ce867cb932e7e5fa21130a"
"checksum integer-sqrt 0.1.0 (git+https://github.com/paritytech/integer-sqrt-rs.git)" = "<none>"
"checksum integer-sqrt 0.1.2 (registry+https://github.com/rust-lang/crates.io-index)" = "ea155abb3ba6f382a75f1418988c05fe82959ed9ce727de427f9cfd425b0c903"
"checksum mashup 0.1.9 (registry+https://github.com/rust-lang/crates.io-index)" = "f2d82b34c7fb11bb41719465c060589e291d505ca4735ea30016a91f6fc79c3b"
"checksum mashup-impl 0.1.9 (registry+https://github.com/rust-lang/crates.io-index)" = "aa607bfb674b4efb310512527d64266b065de3f894fc52f84efcbf7eaa5965fb"
"checksum nodrop 0.1.13 (registry+https://github.com/rust-lang/crates.io-index)" = "2f9667ddcc6cc8a43afc9b7917599d7216aa09c463919ea32c59ed6cac8bc945"
"checksum num-traits 0.2.6 (registry+https://github.com/rust-lang/crates.io-index)" = "0b3a5d7cc97d6d30d8b9bc8fa19bf45349ffe46241e8816f50f62f6d6aaabee1"
"checksum parity-codec 2.1.5 (registry+https://github.com/rust-lang/crates.io-index)" = "dca389ea5e1632c89b2ce54f7e2b4a8a8c9d278042222a91e0bf95451218cb4c"
"checksum parity-codec-derive 2.1.0 (registry+https://github.com/rust-lang/crates.io-index)" = "ffa42c2cb493b60b12c75b26e8c94cb734af4df4d7f2cc229dc04c1953dac189"
"checksum proc-macro-hack 0.4.1 (registry+https://github.com/rust-lang/crates.io-index)" = "2c725b36c99df7af7bf9324e9c999b9e37d92c8f8caf106d82e1d7953218d2d8"
"checksum proc-macro-hack-impl 0.4.1 (registry+https://github.com/rust-lang/crates.io-index)" = "2b753ad9ed99dd8efeaa7d2fb8453c8f6bc3e54b97966d35f1bc77ca6865254a"
"checksum proc-macro2 0.4.24 (registry+https://github.com/rust-lang/crates.io-index)" = "77619697826f31a02ae974457af0b29b723e5619e113e9397b8b82c6bd253f09"
"checksum quote 0.6.10 (registry+https://github.com/rust-lang/crates.io-index)" = "53fa22a1994bd0f9372d7a816207d8a2677ad0325b073f5c5332760f0fb62b5c"
"checksum rustc-hex 2.0.1 (registry+https://github.com/rust-lang/crates.io-index)" = "403bb3a286107a04825a5f82e1270acc1e14028d3d554d7a1e08914549575ab8"
"checksum rustc_version 0.2.3 (registry+https://github.com/rust-lang/crates.io-index)" = "138e3e0acb6c9fb258b19b67cb8abd63c00679d2851805ea151465464fe9030a"
"checksum safe-mix 1.0.0 (registry+https://github.com/rust-lang/crates.io-index)" = "7f7bf422d23a88c16d5090d455f182bc99c60af4df6a345c63428acf5129e347"
"checksum semver 0.9.0 (registry+https://github.com/rust-lang/crates.io-index)" = "1d7eb9ef2c18661902cc47e535f9bc51b78acd254da71d375c2f6720d9a40403"
"checksum semver-parser 0.7.0 (registry+https://github.com/rust-lang/crates.io-index)" = "388a1df253eca08550bef6c72392cfe7c30914bf41df5269b68cbd6ff8f570a3"
"checksum serde 1.0.80 (registry+https://github.com/rust-lang/crates.io-index)" = "15c141fc7027dd265a47c090bf864cf62b42c4d228bbcf4e51a0c9e2b0d3f7ef"
"checksum sr-api-macros 0.1.0 (git+https://github.com/paritytech/substrate)" = "<none>"
"checksum sr-io 0.1.0 (git+https://github.com/paritytech/substrate)" = "<none>"
"checksum sr-primitives 0.1.0 (git+https://github.com/paritytech/substrate)" = "<none>"
"checksum sr-std 0.1.0 (git+https://github.com/paritytech/substrate)" = "<none>"
"checksum sr-version 0.1.0 (git+https://github.com/paritytech/substrate)" = "<none>"
"checksum srml-balances 0.1.0 (git+https://github.com/paritytech/substrate)" = "<none>"
"checksum srml-consensus 0.1.0 (git+https://github.com/paritytech/substrate)" = "<none>"
"checksum srml-council 0.1.0 (git+https://github.com/paritytech/substrate)" = "<none>"
"checksum srml-democracy 0.1.0 (git+https://github.com/paritytech/substrate)" = "<none>"
"checksum srml-executive 0.1.0 (git+https://github.com/paritytech/substrate)" = "<none>"
"checksum srml-grandpa 0.1.0 (git+https://github.com/paritytech/substrate)" = "<none>"
"checksum srml-metadata 0.1.0 (git+https://github.com/paritytech/substrate)" = "<none>"
"checksum srml-session 0.1.0 (git+https://github.com/paritytech/substrate)" = "<none>"
"checksum srml-staking 0.1.0 (git+https://github.com/paritytech/substrate)" = "<none>"
"checksum srml-support 0.1.0 (git+https://github.com/paritytech/substrate)" = "<none>"
"checksum srml-support-procedural 0.1.0 (git+https://github.com/paritytech/substrate)" = "<none>"
"checksum srml-support-procedural-tools 0.1.0 (git+https://github.com/paritytech/substrate)" = "<none>"
"checksum srml-support-procedural-tools-derive 0.1.0 (git+https://github.com/paritytech/substrate)" = "<none>"
"checksum srml-system 0.1.0 (git+https://github.com/paritytech/substrate)" = "<none>"
"checksum srml-timestamp 0.1.0 (git+https://github.com/paritytech/substrate)" = "<none>"
"checksum srml-treasury 0.1.0 (git+https://github.com/paritytech/substrate)" = "<none>"
"checksum static_assertions 0.2.5 (registry+https://github.com/rust-lang/crates.io-index)" = "c19be23126415861cb3a23e501d34a708f7f9b2183c5252d690941c2e69199d5"
"checksum substrate-client 0.1.0 (git+https://github.com/paritytech/substrate)" = "<none>"
"checksum substrate-finality-grandpa-primitives 0.1.0 (git+https://github.com/paritytech/substrate)" = "<none>"
"checksum substrate-primitives 0.1.0 (git+https://github.com/paritytech/substrate)" = "<none>"
"checksum syn 0.14.9 (registry+https://github.com/rust-lang/crates.io-index)" = "261ae9ecaa397c42b960649561949d69311f08eeaea86a65696e6e46517cf741"
"checksum syn 0.15.22 (registry+https://github.com/rust-lang/crates.io-index)" = "ae8b29eb5210bc5cf63ed6149cbf9adfc82ac0be023d8735c176ee74a2db4da7"
"checksum uint 0.5.0 (registry+https://github.com/rust-lang/crates.io-index)" = "082df6964410f6aa929a61ddfafc997e4f32c62c22490e439ac351cec827f436"
"checksum unicode-xid 0.1.0 (registry+https://github.com/rust-lang/crates.io-index)" = "fc72304796d0818e357ead4e000d19c9c174ab23dc11093ac919054d20a6a7fc"
